
Microsoft Visual Studio Solution File, Format Version 12.00
# Visual Studio 15
VisualStudioVersion = 15.0.27004.2002
MinimumVisualStudioVersion = 10.0.40219.1
Project("{9A19103F-16F7-4668-BE54-9A1E7A4F7556}") = "BudgetApplication", "BudgetApplication\BudgetApplication.csproj", "{1AA505E4-B249-456D-A9D3-90DB973779CB}"
EndProject
Project("{9A19103F-16F7-4668-BE54-9A1E7A4F7556}") = "BudgetApplicationTests", "BudgetApplicationTests\BudgetApplicationTests.csproj", "{45FC5B5B-8E19-4601-A6D6-94B2344968A4}"
EndProject
Project("{9A19103F-16F7-4668-BE54-9A1E7A4F7556}") = "BudgetApplicationSeleniumTests", "BudgetApplicationSeleniumTests\BudgetApplicationSeleniumTests.csproj", "{2EB78A09-6479-44AF-A90E-AA3F1B28A661}"
EndProject
Global
	GlobalSection(SolutionConfigurationPlatforms) = preSolution
		Debug|Any CPU = Debug|Any CPU
		Release|Any CPU = Release|Any CPU
	EndGlobalSection
	GlobalSection(ProjectConfigurationPlatforms) = postSolution
		{1AA505E4-B249-456D-A9D3-90DB973779CB}.Debug|Any CPU.ActiveCfg = Debug|Any CPU
		{1AA505E4-B249-456D-A9D3-90DB973779CB}.Debug|Any CPU.Build.0 = Debug|Any CPU
		{1AA505E4-B249-456D-A9D3-90DB973779CB}.Release|Any CPU.ActiveCfg = Release|Any CPU
		{1AA505E4-B249-456D-A9D3-90DB973779CB}.Release|Any CPU.Build.0 = Release|Any CPU
		{45FC5B5B-8E19-4601-A6D6-94B2344968A4}.Debug|Any CPU.ActiveCfg = Debug|Any CPU
		{45FC5B5B-8E19-4601-A6D6-94B2344968A4}.Debug|Any CPU.Build.0 = Debug|Any CPU
		{45FC5B5B-8E19-4601-A6D6-94B2344968A4}.Release|Any CPU.ActiveCfg = Release|Any CPU
		{45FC5B5B-8E19-4601-A6D6-94B2344968A4}.Release|Any CPU.Build.0 = Release|Any CPU
		{2EB78A09-6479-44AF-A90E-AA3F1B28A661}.Debug|Any CPU.ActiveCfg = Debug|Any CPU
		{2EB78A09-6479-44AF-A90E-AA3F1B28A661}.Debug|Any CPU.Build.0 = Debug|Any CPU
		{2EB78A09-6479-44AF-A90E-AA3F1B28A661}.Release|Any CPU.ActiveCfg = Release|Any CPU
		{2EB78A09-6479-44AF-A90E-AA3F1B28A661}.Release|Any CPU.Build.0 = Release|Any CPU
	EndGlobalSection
	GlobalSection(SolutionProperties) = preSolution
		HideSolutionNode = FALSE
	EndGlobalSection
	GlobalSection(ExtensibilityGlobals) = postSolution
		SolutionGuid = {D594BE48-8409-48CF-B868-8FAAD55BAEA5}
	EndGlobalSection
EndGlobal
